{
  "version": 4,
  "terraform_version": "1.3.8",
  "serial": 25,
  "lineage": "a1828d86-3a11-0a34-c1b7-76db1e205b2c",
  "outputs": {
    "availability_zone": {
      "value": "us-east-1b",
      "type": "string"
    },
    "backend_url": {
      "value": "http://44.194.121.34:3005",
      "type": "string"
    },
    "frontend_url": {
      "value": "http://44.194.121.34:3000",
      "type": "string"
    },
    "instance_id": {
      "value": "i-0eee418ecbdee747a",
      "type": "string"
    },
    "instance_type": {
      "value": "t3.micro",
      "type": "string"
    },
    "public_dns": {
      "value": "ec2-52-205-254-168.compute-1.amazonaws.com",
      "type": "string"
    },
    "public_ip": {
      "value": "44.194.121.34",
      "type": "string"
    },
    "security_group_id": {
      "value": "sg-05676703d0aa5670b",
      "type": "string"
    },
    "ssh_command": {
      "value": "ssh -i ~/.ssh/id_rsa ec2-user@44.194.121.34",
      "type": "string"
    },
    "start_instance_rule_arn": {
      "value": "arn:aws:events:us-east-1:206218410076:rule/start-rumba-instance",
      "type": "string"
    },
    "start_lambda_function_name": {
      "value": "start-rumba-instance",
      "type": "string"
    },
    "stop_instance_rule_arn": {
      "value": "arn:aws:events:us-east-1:206218410076:rule/stop-rumba-instance",
      "type": "string"
    },
    "stop_lambda_function_name": {
      "value": "stop-rumba-instance",
      "type": "string"
    }
  },
  "resources": [
    {
      "mode": "data",
      "type": "archive_file",
      "name": "start_lambda_zip",
      "provider": "provider[\"registry.terraform.io/hashicorp/archive\"]",
      "instances": [
        {
          "schema_version": 0,
          "attributes": {
            "exclude_symlink_directories": null,
            "excludes": null,
            "id": "8588a55f78184e8f1074fa54090ab1bf0c5d636c",
            "output_base64sha256": "3EiISMjUsyO3G+Osa9J5F57EqfK9gvnV5nh7StjYUes=",
            "output_base64sha512": "AjM8SlDJodicZvI5vu3ifATyBcACuftKddJHkGDaJPk7DoWG1g3t1oRO5QoMJH/4WmnbdslVEaIUEFpg4P5p4w==",
            "output_file_mode": null,
            "output_md5": "d61ed5990f6f2c9ef4bd8cc7d87050a2",
            "output_path": "./lambda/start_instance.zip",
            "output_sha": "8588a55f78184e8f1074fa54090ab1bf0c5d636c",
            "output_sha256": "dc488848c8d4b323b71be3ac6bd279179ec4a9f2bd82f9d5e6787b4ad8d851eb",
            "output_sha512": "02333c4a50c9a1d89c66f239beede27c04f205c002b9fb4a75d2479060da24f93b0e8586d60dedd6844ee50a0c247ff85a69db76c95511a214105a60e0fe69e3",
            "output_size": 711,
            "source": [],
            "source_content": null,
            "source_content_filename": null,
            "source_dir": null,
            "source_file": "./lambda/start_instance.py",
            "type": "zip"
          },
          "sensitive_attributes": []
        }
      ]
    },
    {
      "mode": "data",
      "type": "archive_file",
      "name": "stop_lambda_zip",
      "provider": "provider[\"registry.terraform.io/hashicorp/archive\"]",
      "instances": [
        {
          "schema_version": 0,
          "attributes": {
            "exclude_symlink_directories": null,
            "excludes": null,
            "id": "4d6152682cce2af239c7c22f3991bcabd02ff4b4",
            "output_base64sha256": "AjwjDH5+aQ6G1nUHlk2mnndQjXKq3/eJw2smW7sN6tA=",
            "output_base64sha512": "Q/jaHnNodDK2+WSnspHah4ISkxnk5Wd8LP7K7TI/1KMuBcyGTWjLCjYPKLYA9tOtW2l0Je8Kbl2p8K/E8Hq4Eg==",
            "output_file_mode": null,
            "output_md5": "7e5a8ce04d87cb3329c04be65d8d1635",
            "output_path": "./lambda/stop_instance.zip",
            "output_sha": "4d6152682cce2af239c7c22f3991bcabd02ff4b4",
            "output_sha256": "023c230c7e7e690e86d67507964da69e77508d72aadff789c36b265bbb0dead0",
            "output_sha512": "43f8da1e73687432b6f964a7b291da8782129319e4e5677c2cfecaed323fd4a32e05cc864d68cb0a360f28b600f6d3ad5b697425ef0a6e5da9f0afc4f07ab812",
            "output_size": 709,
            "source": [],
            "source_content": null,
            "source_content_filename": null,
            "source_dir": null,
            "source_file": "./lambda/stop_instance.py",
            "type": "zip"
          },
          "sensitive_attributes": []
        }
      ]
    },
    {
      "mode": "data",
      "type": "aws_ami",
      "name": "amazon_linux",
      "provider": "provider[\"registry.terraform.io/hashicorp/aws\"]",
      "instances": [
        {
          "schema_version": 0,
          "attributes": {
            "architecture": "x86_64",
            "arn": "arn:aws:ec2:us-east-1::image/ami-06c3254d99b7c0139",
            "block_device_mappings": [
              {
                "device_name": "/dev/xvda",
                "ebs": {
                  "delete_on_termination": "true",
                  "encrypted": "false",
                  "iops": "3000",
                  "snapshot_id": "snap-0155906ca7e4e2e62",
                  "throughput": "125",
                  "volume_initialization_rate": "0",
                  "volume_size": "2",
                  "volume_type": "gp3"
                },
                "no_device": "",
                "virtual_name": ""
              }
            ],
            "boot_mode": "uefi-preferred",
            "creation_date": "2025-09-06T01:07:14.000Z",
            "deprecation_time": "2025-12-05T01:07:00.000Z",
            "description": "Amazon Linux 2023 AMI 2023.8.20250908.0 x86_64 Minimal HVM kernel-6.1",
            "ena_support": true,
            "executable_users": null,
            "filter": [
              {
                "name": "name",
                "values": [
                  "al2023-ami-*-x86_64"
                ]
              },
              {
                "name": "virtualization-type",
                "values": [
                  "hvm"
                ]
              }
            ],
            "hypervisor": "xen",
            "id": "ami-06c3254d99b7c0139",
            "image_id": "ami-06c3254d99b7c0139",
            "image_location": "amazon/al2023-ami-minimal-2023.8.20250908.0-kernel-6.1-x86_64",
            "image_owner_alias": "amazon",
            "image_type": "machine",
            "imds_support": "v2.0",
            "include_deprecated": false,
            "kernel_id": "",
            "last_launched_time": "",
            "most_recent": true,
            "name": "al2023-ami-minimal-2023.8.20250908.0-kernel-6.1-x86_64",
            "name_regex": null,
            "owner_id": "137112412989",
            "owners": [
              "amazon"
            ],
            "platform": "",
            "platform_details": "Linux/UNIX",
            "product_codes": [],
            "public": true,
            "ramdisk_id": "",
            "root_device_name": "/dev/xvda",
            "root_device_type": "ebs",
            "root_snapshot_id": "snap-0155906ca7e4e2e62",
            "sriov_net_support": "simple",
            "state": "available",
            "state_reason": {
              "code": "UNSET",
              "message": "UNSET"
            },
            "tags": {},
            "timeouts": null,
            "tpm_support": "",
            "uefi_data": null,
            "usage_operation": "RunInstances",
            "virtualization_type": "hvm"
          },
          "sensitive_attributes": []
        }
      ]
    },
    {
      "mode": "data",
      "type": "aws_availability_zones",
      "name": "available",
      "provider": "provider[\"registry.terraform.io/hashicorp/aws\"]",
      "instances": [
        {
          "schema_version": 0,
          "attributes": {
            "all_availability_zones": null,
            "exclude_names": null,
            "exclude_zone_ids": null,
            "filter": [
              {
                "name": "opt-in-status",
                "values": [
                  "opt-in-not-required"
                ]
              }
            ],
            "group_names": [
              "us-east-1-zg-1"
            ],
            "id": "us-east-1",
            "names": [
              "us-east-1a",
              "us-east-1b",
              "us-east-1c",
              "us-east-1d",
              "us-east-1e",
              "us-east-1f"
            ],
            "state": "available",
            "timeouts": null,
            "zone_ids": [
              "use1-az1",
              "use1-az2",
              "use1-az4",
              "use1-az6",
              "use1-az3",
              "use1-az5"
            ]
          },
          "sensitive_attributes": []
        }
      ]
    },
    {
      "mode": "data",
      "type": "aws_caller_identity",
      "name": "current",
      "provider": "provider[\"registry.terraform.io/hashicorp/aws\"]",
      "instances": [
        {
          "schema_version": 0,
          "attributes": {
            "account_id": "206218410076",
            "arn": "arn:aws:iam::206218410076:root",
            "id": "206218410076",
            "user_id": "206218410076"
          },
          "sensitive_attributes": []
        }
      ]
    },
    {
      "mode": "data",
      "type": "aws_subnets",
      "name": "default",
      "provider": "provider[\"registry.terraform.io/hashicorp/aws\"]",
      "instances": [
        {
          "schema_version": 0,
          "attributes": {
            "filter": [
              {
                "name": "availability-zone",
                "values": [
                  "us-east-1a",
                  "us-east-1b",
                  "us-east-1c",
                  "us-east-1d",
                  "us-east-1f"
                ]
              },
              {
                "name": "vpc-id",
                "values": [
                  "vpc-0188a56d7329f55f2"
                ]
              }
            ],
            "id": "us-east-1",
            "ids": [
              "subnet-0e6c1abc4c4b02390",
              "subnet-036d5e239e3ba61e0",
              "subnet-0ec30a6235e75d293",
              "subnet-02468cda28255f120",
              "subnet-028bb7b4d96f94798"
            ],
            "tags": null,
            "timeouts": null
          },
          "sensitive_attributes": []
        }
      ]
    },
    {
      "mode": "data",
      "type": "aws_vpc",
      "name": "default",
      "provider": "provider[\"registry.terraform.io/hashicorp/aws\"]",
      "instances": [
        {
          "schema_version": 0,
          "attributes": {
            "arn": "arn:aws:ec2:us-east-1:206218410076:vpc/vpc-0188a56d7329f55f2",
            "cidr_block": "172.31.0.0/16",
            "cidr_block_associations": [
              {
                "association_id": "vpc-cidr-assoc-060909b585aaa03d6",
                "cidr_block": "172.31.0.0/16",
                "state": "associated"
              }
            ],
            "default": true,
            "dhcp_options_id": "dopt-04f8fb015ac35f101",
            "enable_dns_hostnames": true,
            "enable_dns_support": true,
            "enable_network_address_usage_metrics": false,
            "filter": null,
            "id": "vpc-0188a56d7329f55f2",
            "instance_tenancy": "default",
            "ipv6_association_id": "",
            "ipv6_cidr_block": "",
            "main_route_table_id": "rtb-0c7a53a7b8bfc8087",
            "owner_id": "206218410076",
            "state": null,
            "tags": {},
            "timeouts": null
          },
          "sensitive_attributes": []
        }
      ]
    },
    {
      "mode": "managed",
      "type": "aws_cloudwatch_event_rule",
      "name": "start_instance_rule",
      "provider": "provider[\"registry.terraform.io/hashicorp/aws\"]",
      "instances": [
        {
          "schema_version": 1,
          "attributes": {
            "arn": "arn:aws:events:us-east-1:206218410076:rule/start-rumba-instance",
            "description": "Start Rumba EC2 instance at 08:00 daily",
            "event_bus_name": "default",
            "event_pattern": null,
            "force_destroy": false,
            "id": "start-rumba-instance",
            "is_enabled": true,
            "name": "start-rumba-instance",
            "name_prefix": "",
            "role_arn": "",
            "schedule_expression": "cron(0 8 * * ? *)",
            "state": "ENABLED",
            "tags": {
              "Name": "start-rumba-instance-rule"
            },
            "tags_all": {
              "Name": "start-rumba-instance-rule"
            }
          },
          "sensitive_attributes": [],
          "private": "eyJzY2hlbWFfdmVyc2lvbiI6IjEifQ=="
        }
      ]
    },
    {
      "mode": "managed",
      "type": "aws_cloudwatch_event_rule",
      "name": "stop_instance_rule",
      "provider": "provider[\"registry.terraform.io/hashicorp/aws\"]",
      "instances": [
        {
          "schema_version": 1,
          "attributes": {
            "arn": "arn:aws:events:us-east-1:206218410076:rule/stop-rumba-instance",
            "description": "Stop Rumba EC2 instance at 21:00 daily",
            "event_bus_name": "default",
            "event_pattern": null,
            "force_destroy": false,
            "id": "stop-rumba-instance",
            "is_enabled": true,
            "name": "stop-rumba-instance",
            "name_prefix": "",
            "role_arn": "",
            "schedule_expression": "cron(0 21 * * ? *)",
            "state": "ENABLED",
            "tags": {
              "Name": "stop-rumba-instance-rule"
            },
            "tags_all": {
              "Name": "stop-rumba-instance-rule"
            }
          },
          "sensitive_attributes": [],
          "private": "eyJzY2hlbWFfdmVyc2lvbiI6IjEifQ=="
        }
      ]
    },
    {
      "mode": "managed",
      "type": "aws_cloudwatch_event_target",
      "name": "start_instance_target",
      "provider": "provider[\"registry.terraform.io/hashicorp/aws\"]",
      "instances": [
        {
          "schema_version": 1,
          "attributes": {
            "appsync_target": [],
            "arn": "arn:aws:lambda:us-east-1:206218410076:function:start-rumba-instance",
            "batch_target": [],
            "dead_letter_config": [],
            "ecs_target": [],
            "event_bus_name": "default",
            "force_destroy": false,
            "http_target": [],
            "id": "start-rumba-instance-StartInstanceTarget",
            "input": "",
            "input_path": "",
            "input_transformer": [],
            "kinesis_target": [],
            "redshift_target": [],
            "retry_policy": [],
            "role_arn": "",
            "rule": "start-rumba-instance",
            "run_command_targets": [],
            "sagemaker_pipeline_target": [],
            "sqs_target": [],
            "target_id": "StartInstanceTarget"
          },
          "sensitive_attributes": [],
          "private": "eyJzY2hlbWFfdmVyc2lvbiI6IjEifQ==",
          "dependencies": [
            "aws_cloudwatch_event_rule.start_instance_rule",
            "aws_iam_role.lambda_ec2_role",
            "aws_instance.rumba_server",
            "aws_key_pair.rumba_key",
            "aws_lambda_function.start_instance_lambda",
            "aws_security_group.rumba_sg",
            "data.archive_file.start_lambda_zip",
            "data.aws_ami.amazon_linux",
            "data.aws_subnets.default"
          ]
        }
      ]
    },
    {
      "mode": "managed",
      "type": "aws_cloudwatch_event_target",
      "name": "stop_instance_target",
      "provider": "provider[\"registry.terraform.io/hashicorp/aws\"]",
      "instances": [
        {
          "schema_version": 1,
          "attributes": {
            "appsync_target": [],
            "arn": "arn:aws:lambda:us-east-1:206218410076:function:stop-rumba-instance",
            "batch_target": [],
            "dead_letter_config": [],
            "ecs_target": [],
            "event_bus_name": "default",
            "force_destroy": false,
            "http_target": [],
            "id": "stop-rumba-instance-StopInstanceTarget",
            "input": "",
            "input_path": "",
            "input_transformer": [],
            "kinesis_target": [],
            "redshift_target": [],
            "retry_policy": [],
            "role_arn": "",
            "rule": "stop-rumba-instance",
            "run_command_targets": [],
            "sagemaker_pipeline_target": [],
            "sqs_target": [],
            "target_id": "StopInstanceTarget"
          },
          "sensitive_attributes": [],
          "private": "eyJzY2hlbWFfdmVyc2lvbiI6IjEifQ==",
          "dependencies": [
            "aws_cloudwatch_event_rule.stop_instance_rule",
            "aws_iam_role.lambda_ec2_role",
            "aws_instance.rumba_server",
            "aws_key_pair.rumba_key",
            "aws_lambda_function.stop_instance_lambda",
            "aws_security_group.rumba_sg",
            "data.archive_file.stop_lambda_zip",
            "data.aws_ami.amazon_linux",
            "data.aws_subnets.default"
          ]
        }
      ]
    },
    {
      "mode": "managed",
      "type": "aws_eip",
      "name": "rumba_eip",
      "provider": "provider[\"registry.terraform.io/hashicorp/aws\"]",
      "instances": [
        {
          "schema_version": 0,
          "attributes": {
            "address": null,
            "allocation_id": "eipalloc-0c5549495b51656e2",
            "arn": "arn:aws:ec2:us-east-1:206218410076:elastic-ip/eipalloc-0c5549495b51656e2",
            "associate_with_private_ip": null,
            "association_id": "eipassoc-0663f006b73fd9991",
            "carrier_ip": "",
            "customer_owned_ip": "",
            "customer_owned_ipv4_pool": "",
            "domain": "vpc",
            "id": "eipalloc-0c5549495b51656e2",
            "instance": "i-0eee418ecbdee747a",
            "ipam_pool_id": null,
            "network_border_group": "us-east-1",
            "network_interface": "eni-0cab2d7e119f81c5c",
            "private_dns": "ip-172-31-88-82.ec2.internal",
            "private_ip": "172.31.88.82",
            "ptr_record": "",
            "public_dns": "ec2-44-194-121-34.compute-1.amazonaws.com",
            "public_ip": "44.194.121.34",
            "public_ipv4_pool": "amazon",
            "tags": {
              "Name": "rumba-server-eip"
            },
            "tags_all": {
              "Name": "rumba-server-eip"
            },
            "timeouts": null,
            "vpc": true
          },
          "sensitive_attributes": [],
          "private": "eyJlMmJmYjczMC1lY2FhLTExZTYtOGY4OC0zNDM2M2JjN2M0YzAiOnsiZGVsZXRlIjoxODAwMDAwMDAwMDAsInJlYWQiOjkwMDAwMDAwMDAwMCwidXBkYXRlIjozMDAwMDAwMDAwMDB9fQ==",
          "dependencies": [
            "aws_instance.rumba_server",
            "aws_key_pair.rumba_key",
            "aws_security_group.rumba_sg",
            "data.aws_ami.amazon_linux",
            "data.aws_subnets.default"
          ]
        }
      ]
    },
    {
      "mode": "managed",
      "type": "aws_iam_policy",
      "name": "eventbridge_ec2_policy",
      "provider": "provider[\"registry.terraform.io/hashicorp/aws\"]",
      "instances": [
        {
          "schema_version": 0,
          "attributes": {
            "arn": "arn:aws:iam::206218410076:policy/eventbridge-ec2-policy",
            "attachment_count": 0,
            "description": "Policy for EventBridge to start/stop EC2 instances",
            "id": "arn:aws:iam::206218410076:policy/eventbridge-ec2-policy",
            "name": "eventbridge-ec2-policy",
            "name_prefix": "",
            "path": "/",
            "policy": "{\"Statement\":[{\"Action\":[\"ec2:StartInstances\",\"ec2:StopInstances\",\"ec2:DescribeInstances\"],\"Effect\":\"Allow\",\"Resource\":\"*\"}],\"Version\":\"2012-10-17\"}",
            "policy_id": "ANPATAA4THBOPWPNP5J7D",
            "tags": {
              "Name": "eventbridge-ec2-policy"
            },
            "tags_all": {
              "Name": "eventbridge-ec2-policy"
            }
          },
          "sensitive_attributes": [],
          "private": "bnVsbA=="
        }
      ]
    },
    {
      "mode": "managed",
      "type": "aws_iam_policy",
      "name": "lambda_ec2_policy",
      "provider": "provider[\"registry.terraform.io/hashicorp/aws\"]",
      "instances": [
        {
          "schema_version": 0,
          "attributes": {
            "arn": "arn:aws:iam::206218410076:policy/lambda-ec2-policy",
            "attachment_count": 0,
            "description": "Policy for Lambda to start/stop EC2 instances",
            "id": "arn:aws:iam::206218410076:policy/lambda-ec2-policy",
            "name": "lambda-ec2-policy",
            "name_prefix": "",
            "path": "/",
            "policy": "{\"Statement\":[{\"Action\":[\"logs:CreateLogGroup\",\"logs:CreateLogStream\",\"logs:PutLogEvents\"],\"Effect\":\"Allow\",\"Resource\":\"arn:aws:logs:*:*:*\"},{\"Action\":[\"ec2:StartInstances\",\"ec2:StopInstances\",\"ec2:DescribeInstances\"],\"Effect\":\"Allow\",\"Resource\":\"*\"}],\"Version\":\"2012-10-17\"}",
            "policy_id": "ANPATAA4THBOPADWAEXCN",
            "tags": {
              "Name": "lambda-ec2-policy"
            },
            "tags_all": {
              "Name": "lambda-ec2-policy"
            }
          },
          "sensitive_attributes": [],
          "private": "bnVsbA=="
        }
      ]
    },
    {
      "mode": "managed",
      "type": "aws_iam_role",
      "name": "eventbridge_ec2_role",
      "provider": "provider[\"registry.terraform.io/hashicorp/aws\"]",
      "instances": [
        {
          "schema_version": 0,
          "attributes": {
            "arn": "arn:aws:iam::206218410076:role/eventbridge-ec2-role",
            "assume_role_policy": "{\"Statement\":[{\"Action\":\"sts:AssumeRole\",\"Effect\":\"Allow\",\"Principal\":{\"Service\":\"events.amazonaws.com\"}}],\"Version\":\"2012-10-17\"}",
            "create_date": "2025-09-13T08:34:52Z",
            "description": "",
            "force_detach_policies": false,
            "id": "eventbridge-ec2-role",
            "inline_policy": [],
            "managed_policy_arns": [],
            "max_session_duration": 3600,
            "name": "eventbridge-ec2-role",
            "name_prefix": "",
            "path": "/",
            "permissions_boundary": "",
            "tags": {
              "Name": "eventbridge-ec2-role"
            },
            "tags_all": {
              "Name": "eventbridge-ec2-role"
            },
            "unique_id": "AROATAA4THBOCST6REZO6"
          },
          "sensitive_attributes": [],
          "private": "bnVsbA=="
        }
      ]
    },
    {
      "mode": "managed",
      "type": "aws_iam_role",
      "name": "lambda_ec2_role",
      "provider": "provider[\"registry.terraform.io/hashicorp/aws\"]",
      "instances": [
        {
          "schema_version": 0,
          "attributes": {
            "arn": "arn:aws:iam::206218410076:role/lambda-ec2-role",
            "assume_role_policy": "{\"Statement\":[{\"Action\":\"sts:AssumeRole\",\"Effect\":\"Allow\",\"Principal\":{\"Service\":\"lambda.amazonaws.com\"}}],\"Version\":\"2012-10-17\"}",
            "create_date": "2025-09-13T08:34:52Z",
            "description": "",
            "force_detach_policies": false,
            "id": "lambda-ec2-role",
            "inline_policy": [],
            "managed_policy_arns": [],
            "max_session_duration": 3600,
            "name": "lambda-ec2-role",
            "name_prefix": "",
            "path": "/",
            "permissions_boundary": "",
            "tags": {
              "Name": "lambda-ec2-role"
            },
            "tags_all": {
              "Name": "lambda-ec2-role"
            },
            "unique_id": "AROATAA4THBOBDCYMU5Y3"
          },
          "sensitive_attributes": [],
          "private": "bnVsbA=="
        }
      ]
    },
    {
      "mode": "managed",
      "type": "aws_iam_role_policy_attachment",
      "name": "eventbridge_ec2_policy_attachment",
      "provider": "provider[\"registry.terraform.io/hashicorp/aws\"]",
      "instances": [
        {
          "schema_version": 0,
          "attributes": {
            "id": "eventbridge-ec2-role-20250913083453890900000002",
            "policy_arn": "arn:aws:iam::206218410076:policy/eventbridge-ec2-policy",
            "role": "eventbridge-ec2-role"
          },
          "sensitive_attributes": [],
          "private": "bnVsbA==",
          "dependencies": [
            "aws_iam_policy.eventbridge_ec2_policy",
            "aws_iam_role.eventbridge_ec2_role"
          ]
        }
      ]
    },
    {
      "mode": "managed",
      "type": "aws_iam_role_policy_attachment",
      "name": "lambda_ec2_policy_attachment",
      "provider": "provider[\"registry.terraform.io/hashicorp/aws\"]",
      "instances": [
        {
          "schema_version": 0,
          "attributes": {
            "id": "lambda-ec2-role-20250913083453769300000001",
            "policy_arn": "arn:aws:iam::206218410076:policy/lambda-ec2-policy",
            "role": "lambda-ec2-role"
          },
          "sensitive_attributes": [],
          "private": "bnVsbA==",
          "dependencies": [
            "aws_iam_policy.lambda_ec2_policy",
            "aws_iam_role.lambda_ec2_role"
          ]
        }
      ]
    },
    {
      "mode": "managed",
      "type": "aws_instance",
      "name": "rumba_server",
      "provider": "provider[\"registry.terraform.io/hashicorp/aws\"]",
      "instances": [
        {
          "schema_version": 1,
          "attributes": {
            "ami": "ami-06c3254d99b7c0139",
            "arn": "arn:aws:ec2:us-east-1:206218410076:instance/i-0eee418ecbdee747a",
            "associate_public_ip_address": true,
            "availability_zone": "us-east-1b",
            "capacity_reservation_specification": [
              {
                "capacity_reservation_preference": "open",
                "capacity_reservation_target": []
              }
            ],
            "cpu_core_count": 1,
            "cpu_options": [
              {
                "amd_sev_snp": "",
                "core_count": 1,
                "threads_per_core": 2
              }
            ],
            "cpu_threads_per_core": 2,
            "credit_specification": [
              {
                "cpu_credits": "unlimited"
              }
            ],
            "disable_api_stop": false,
            "disable_api_termination": false,
            "ebs_block_device": [],
            "ebs_optimized": false,
            "enable_primary_ipv6": null,
            "enclave_options": [
              {
                "enabled": false
              }
            ],
            "ephemeral_block_device": [],
            "get_password_data": false,
            "hibernation": false,
            "host_id": "",
            "host_resource_group_arn": null,
            "iam_instance_profile": "",
            "id": "i-0eee418ecbdee747a",
            "instance_initiated_shutdown_behavior": "stop",
            "instance_lifecycle": "",
            "instance_market_options": [],
            "instance_state": "running",
            "instance_type": "t3.micro",
            "ipv6_address_count": 0,
            "ipv6_addresses": [],
            "key_name": "rumba-key",
            "launch_template": [],
            "maintenance_options": [
              {
                "auto_recovery": "default"
              }
            ],
            "metadata_options": [
              {
                "http_endpoint": "enabled",
                "http_protocol_ipv6": "disabled",
                "http_put_response_hop_limit": 2,
                "http_tokens": "required",
                "instance_metadata_tags": "disabled"
              }
            ],
            "monitoring": false,
            "network_interface": [],
            "outpost_arn": "",
            "password_data": "",
            "placement_group": "",
            "placement_partition_number": 0,
            "primary_network_interface_id": "eni-0cab2d7e119f81c5c",
            "private_dns": "ip-172-31-88-82.ec2.internal",
            "private_dns_name_options": [
              {
                "enable_resource_name_dns_a_record": false,
                "enable_resource_name_dns_aaaa_record": false,
                "hostname_type": "ip-name"
              }
            ],
            "private_ip": "172.31.88.82",
            "public_dns": "ec2-52-205-254-168.compute-1.amazonaws.com",
            "public_ip": "52.205.254.168",
            "root_block_device": [
              {
                "delete_on_termination": true,
                "device_name": "/dev/xvda",
                "encrypted": true,
                "iops": 3000,
                "kms_key_id": "arn:aws:kms:us-east-1:206218410076:key/1a77dfb3-4178-44fa-ae8e-a0086d2185f6",
                "tags": null,
                "tags_all": {},
                "throughput": 125,
                "volume_id": "vol-0591469e97cf30767",
                "volume_size": 30,
                "volume_type": "gp3"
              }
            ],
            "secondary_private_ips": [],
            "security_groups": [
              "rumba-sg-20250909092935626500000001"
            ],
            "source_dest_check": true,
            "spot_instance_request_id": "",
            "subnet_id": "subnet-0e6c1abc4c4b02390",
            "tags": {
              "Environment": "production",
              "Name": "rumba-server",
              "Project": "rumba"
            },
            "tags_all": {
              "Environment": "production",
              "Name": "rumba-server",
              "Project": "rumba"
            },
            "tenancy": "default",
            "timeouts": null,
            "user_data": "fc3abf9543e5fc083e7ded899b1152c4e3b973ef",
            "user_data_base64": null,
            "user_data_replace_on_change": false,
            "volume_tags": {
              "Name": "rumba-server-root"
            },
            "vpc_security_group_ids": [
              "sg-05676703d0aa5670b"
            ]
          },
          "sensitive_attributes": [],
          "private": "eyJlMmJmYjczMC1lY2FhLTExZTYtOGY4OC0zNDM2M2JjN2M0YzAiOnsiY3JlYXRlIjo2MDAwMDAwMDAwMDAsImRlbGV0ZSI6MTIwMDAwMDAwMDAwMCwicmVhZCI6OTAwMDAwMDAwMDAwLCJ1cGRhdGUiOjYwMDAwMDAwMDAwMH0sInNjaGVtYV92ZXJzaW9uIjoiMSJ9",
          "dependencies": [
            "aws_key_pair.rumba_key",
            "aws_security_group.rumba_sg",
            "data.aws_ami.amazon_linux",
            "data.aws_subnets.default"
          ]
        }
      ]
    },
    {
      "mode": "managed",
      "type": "aws_key_pair",
      "name": "rumba_key",
      "provider": "provider[\"registry.terraform.io/hashicorp/aws\"]",
      "instances": [
        {
          "schema_version": 1,
          "attributes": {
            "arn": "arn:aws:ec2:us-east-1:206218410076:key-pair/rumba-key",
            "fingerprint": "49:f3:da:97:46:da:63:2c:76:d7:c8:8f:59:5d:50:15",
            "id": "rumba-key",
            "key_name": "rumba-key",
            "key_name_prefix": "",
            "key_pair_id": "key-06cff4b8e4b2ddff3",
            "key_type": "rsa",
            "public_key": "ssh-rsa AAAAB3NzaC1yc2EAAAADAQABAAACAQDCumEktae/ERrvy6MH3R2l0gAgufsj/YkR5DM8ekQrsjLVi8g5U+QFD89NKwwxU9crLhz2ktdkw0wnuyONHbiwQkvJ8zCqRTFf6xGeQz7r3S+Ox/WQnDGDcM8sRQh0yFR9s82tOU1f5xBCUPLfHl8ibOsj/ZY6zqq5FizCN66ijJdtaZYobQXMHiuD1aTSplLkueS4VsMswJZy6bA9DmRSL6KW4vAmffve16ry/XOfNigFBcIiduk5pLJX+lS/KAtZ1CXPjREEk+qf4R4f2wWi5HpBKG6beTPWS0nQXrwaoMh69JM9LMEcAkJEfpZkB783QNvsskY//kQ7G9ys9m2uGGI0ZFeVawT2JNVIt574tCUOE0yZjern1r+lhrH1FYhzid4OcgdTXBMlm92hGCqkNheTD7VbYOpoN8oXgKs3mfcwjaVDDiqyGNADQrJluRCmzJ4CDwXkT/s1dszCfZMHt2MekVhRxCqjDV4PJYFDnLMRj3izPTJjhVZJvFpvr67SX52wkXAEKTyCfoJhf2WTgNVd/9T9/wJMsjrCytNTsUoMDeHly1Rfm8G7Rya/Ht71gg0DLJjXeJ5kY8h1Z0G3zlQyE+0EhAlyaI8eUIfuXp+DxrOT4Xj6Ck6duUoJWWK5ef9wKoWdEbdFf64fOF5X8Ob29HNOvg3oRuTmBIDTqQ== phan.ngoc@sun-asterisk.com@B120847-LT",
            "tags": {
              "Name": "rumba-key-pair"
            },
            "tags_all": {
              "Name": "rumba-key-pair"
            }
          },
          "sensitive_attributes": [],
          "private": "eyJzY2hlbWFfdmVyc2lvbiI6IjEifQ=="
        }
      ]
    },
    {
      "mode": "managed",
      "type": "aws_lambda_function",
      "name": "start_instance_lambda",
      "provider": "provider[\"registry.terraform.io/hashicorp/aws\"]",
      "instances": [
        {
          "schema_version": 0,
          "attributes": {
            "architectures": [
              "x86_64"
            ],
            "arn": "arn:aws:lambda:us-east-1:206218410076:function:start-rumba-instance",
            "code_sha256": "3EiISMjUsyO3G+Osa9J5F57EqfK9gvnV5nh7StjYUes=",
            "code_signing_config_arn": "",
            "dead_letter_config": [],
            "description": "",
            "environment": [
              {
                "variables": {
                  "INSTANCE_ID": "i-0eee418ecbdee747a"
                }
              }
            ],
            "ephemeral_storage": [
              {
                "size": 512
              }
            ],
            "file_system_config": [],
            "filename": "./lambda/start_instance.zip",
            "function_name": "start-rumba-instance",
            "handler": "index.handler",
            "id": "start-rumba-instance",
            "image_config": [],
            "image_uri": "",
            "invoke_arn": "arn:aws:apigateway:us-east-1:lambda:path/2015-03-31/functions/arn:aws:lambda:us-east-1:206218410076:function:start-rumba-instance/invocations",
            "kms_key_arn": "",
            "last_modified": "2025-09-13T08:36:26.040+0000",
            "layers": null,
            "logging_config": [
              {
                "application_log_level": "",
                "log_format": "Text",
                "log_group": "/aws/lambda/start-rumba-instance",
                "system_log_level": ""
              }
            ],
            "memory_size": 128,
            "package_type": "Zip",
            "publish": false,
            "qualified_arn": "arn:aws:lambda:us-east-1:206218410076:function:start-rumba-instance:$LATEST",
            "qualified_invoke_arn": "arn:aws:apigateway:us-east-1:lambda:path/2015-03-31/functions/arn:aws:lambda:us-east-1:206218410076:function:start-rumba-instance:$LATEST/invocations",
            "replace_security_groups_on_destroy": null,
            "replacement_security_group_ids": null,
            "reserved_concurrent_executions": -1,
            "role": "arn:aws:iam::206218410076:role/lambda-ec2-role",
            "runtime": "python3.9",
            "s3_bucket": null,
            "s3_key": null,
            "s3_object_version": null,
            "signing_job_arn": "",
            "signing_profile_version_arn": "",
            "skip_destroy": false,
            "snap_start": [],
            "source_code_hash": "3EiISMjUsyO3G+Osa9J5F57EqfK9gvnV5nh7StjYUes=",
            "source_code_size": 711,
            "tags": {
              "Name": "start-rumba-instance-lambda"
            },
            "tags_all": {
              "Name": "start-rumba-instance-lambda"
            },
            "timeout": 30,
            "timeouts": null,
            "tracing_config": [
              {
                "mode": "PassThrough"
              }
            ],
            "version": "$LATEST",
            "vpc_config": []
          },
          "sensitive_attributes": [],
          "private": "eyJlMmJmYjczMC1lY2FhLTExZTYtOGY4OC0zNDM2M2JjN2M0YzAiOnsiY3JlYXRlIjo2MDAwMDAwMDAwMDAsImRlbGV0ZSI6NjAwMDAwMDAwMDAwLCJ1cGRhdGUiOjYwMDAwMDAwMDAwMH19",
          "dependencies": [
            "aws_iam_role.lambda_ec2_role",
            "aws_instance.rumba_server",
            "aws_key_pair.rumba_key",
            "aws_security_group.rumba_sg",
            "data.archive_file.start_lambda_zip",
            "data.aws_ami.amazon_linux",
            "data.aws_subnets.default"
          ]
        }
      ]
    },
    {
      "mode": "managed",
      "type": "aws_lambda_function",
      "name": "stop_instance_lambda",
      "provider": "provider[\"registry.terraform.io/hashicorp/aws\"]",
      "instances": [
        {
          "schema_version": 0,
          "attributes": {
            "architectures": [
              "x86_64"
            ],
            "arn": "arn:aws:lambda:us-east-1:206218410076:function:stop-rumba-instance",
            "code_sha256": "AjwjDH5+aQ6G1nUHlk2mnndQjXKq3/eJw2smW7sN6tA=",
            "code_signing_config_arn": "",
            "dead_letter_config": [],
            "description": "",
            "environment": [
              {
                "variables": {
                  "INSTANCE_ID": "i-0eee418ecbdee747a"
                }
              }
            ],
            "ephemeral_storage": [
              {
                "size": 512
              }
            ],
            "file_system_config": [],
            "filename": "./lambda/stop_instance.zip",
            "function_name": "stop-rumba-instance",
            "handler": "index.handler",
            "id": "stop-rumba-instance",
            "image_config": [],
            "image_uri": "",
            "invoke_arn": "arn:aws:apigateway:us-east-1:lambda:path/2015-03-31/functions/arn:aws:lambda:us-east-1:206218410076:function:stop-rumba-instance/invocations",
            "kms_key_arn": "",
            "last_modified": "2025-09-13T08:36:33.341+0000",
            "layers": null,
            "logging_config": [
              {
                "application_log_level": "",
                "log_format": "Text",
                "log_group": "/aws/lambda/stop-rumba-instance",
                "system_log_level": ""
              }
            ],
            "memory_size": 128,
            "package_type": "Zip",
            "publish": false,
            "qualified_arn": "arn:aws:lambda:us-east-1:206218410076:function:stop-rumba-instance:$LATEST",
            "qualified_invoke_arn": "arn:aws:apigateway:us-east-1:lambda:path/2015-03-31/functions/arn:aws:lambda:us-east-1:206218410076:function:stop-rumba-instance:$LATEST/invocations",
            "replace_security_groups_on_destroy": null,
            "replacement_security_group_ids": null,
            "reserved_concurrent_executions": -1,
            "role": "arn:aws:iam::206218410076:role/lambda-ec2-role",
            "runtime": "python3.9",
            "s3_bucket": null,
            "s3_key": null,
            "s3_object_version": null,
            "signing_job_arn": "",
            "signing_profile_version_arn": "",
            "skip_destroy": false,
            "snap_start": [],
            "source_code_hash": "AjwjDH5+aQ6G1nUHlk2mnndQjXKq3/eJw2smW7sN6tA=",
            "source_code_size": 709,
            "tags": {
              "Name": "stop-rumba-instance-lambda"
            },
            "tags_all": {
              "Name": "stop-rumba-instance-lambda"
            },
            "timeout": 30,
            "timeouts": null,
            "tracing_config": [
              {
                "mode": "PassThrough"
              }
            ],
            "version": "$LATEST",
            "vpc_config": []
          },
          "sensitive_attributes": [],
          "private": "eyJlMmJmYjczMC1lY2FhLTExZTYtOGY4OC0zNDM2M2JjN2M0YzAiOnsiY3JlYXRlIjo2MDAwMDAwMDAwMDAsImRlbGV0ZSI6NjAwMDAwMDAwMDAwLCJ1cGRhdGUiOjYwMDAwMDAwMDAwMH19",
          "dependencies": [
            "aws_iam_role.lambda_ec2_role",
            "aws_instance.rumba_server",
            "aws_key_pair.rumba_key",
            "aws_security_group.rumba_sg",
            "data.archive_file.stop_lambda_zip",
            "data.aws_ami.amazon_linux",
            "data.aws_subnets.default"
          ]
        }
      ]
    },
    {
      "mode": "managed",
      "type": "aws_lambda_permission",
      "name": "allow_eventbridge_start",
      "provider": "provider[\"registry.terraform.io/hashicorp/aws\"]",
      "instances": [
        {
          "schema_version": 0,
          "attributes": {
            "action": "lambda:InvokeFunction",
            "event_source_token": null,
            "function_name": "start-rumba-instance",
            "function_url_auth_type": null,
            "id": "AllowExecutionFromEventBridge",
            "principal": "events.amazonaws.com",
            "principal_org_id": null,
            "qualifier": "",
            "source_account": null,
            "source_arn": "arn:aws:events:us-east-1:206218410076:rule/start-rumba-instance",
            "statement_id": "AllowExecutionFromEventBridge",
            "statement_id_prefix": ""
          },
          "sensitive_attributes": [],
          "private": "bnVsbA==",
          "dependencies": [
            "aws_cloudwatch_event_rule.start_instance_rule",
            "aws_iam_role.lambda_ec2_role",
            "aws_instance.rumba_server",
            "aws_key_pair.rumba_key",
            "aws_lambda_function.start_instance_lambda",
            "aws_security_group.rumba_sg",
            "data.archive_file.start_lambda_zip",
            "data.aws_ami.amazon_linux",
            "data.aws_subnets.default"
          ]
        }
      ]
    },
    {
      "mode": "managed",
      "type": "aws_lambda_permission",
      "name": "allow_eventbridge_stop",
      "provider": "provider[\"registry.terraform.io/hashicorp/aws\"]",
      "instances": [
        {
          "schema_version": 0,
          "attributes": {
            "action": "lambda:InvokeFunction",
            "event_source_token": null,
            "function_name": "stop-rumba-instance",
            "function_url_auth_type": null,
            "id": "AllowExecutionFromEventBridge",
            "principal": "events.amazonaws.com",
            "principal_org_id": null,
            "qualifier": "",
            "source_account": null,
            "source_arn": "arn:aws:events:us-east-1:206218410076:rule/stop-rumba-instance",
            "statement_id": "AllowExecutionFromEventBridge",
            "statement_id_prefix": ""
          },
          "sensitive_attributes": [],
          "private": "bnVsbA==",
          "dependencies": [
            "aws_cloudwatch_event_rule.stop_instance_rule",
            "aws_iam_role.lambda_ec2_role",
            "aws_instance.rumba_server",
            "aws_key_pair.rumba_key",
            "aws_lambda_function.stop_instance_lambda",
            "aws_security_group.rumba_sg",
            "data.archive_file.stop_lambda_zip",
            "data.aws_ami.amazon_linux",
            "data.aws_subnets.default"
          ]
        }
      ]
    },
    {
      "mode": "managed",
      "type": "aws_security_group",
      "name": "rumba_sg",
      "provider": "provider[\"registry.terraform.io/hashicorp/aws\"]",
      "instances": [
        {
          "schema_version": 1,
          "attributes": {
            "arn": "arn:aws:ec2:us-east-1:206218410076:security-group/sg-05676703d0aa5670b",
            "description": "Security group for Rumba application",
            "egress": [
              {
                "cidr_blocks": [
                  "0.0.0.0/0"
                ],
                "description": "All outbound traffic",
                "from_port": 0,
                "ipv6_cidr_blocks": [],
                "prefix_list_ids": [],
                "protocol": "-1",
                "security_groups": [],
                "self": false,
                "to_port": 0
              }
            ],
            "id": "sg-05676703d0aa5670b",
            "ingress": [
              {
                "cidr_blocks": [
                  "0.0.0.0/0"
                ],
                "description": "Backend API access",
                "from_port": 3005,
                "ipv6_cidr_blocks": [],
                "prefix_list_ids": [],
                "protocol": "tcp",
                "security_groups": [],
                "self": false,
                "to_port": 3005
              },
              {
                "cidr_blocks": [
                  "0.0.0.0/0"
                ],
                "description": "Frontend access",
                "from_port": 3000,
                "ipv6_cidr_blocks": [],
                "prefix_list_ids": [],
                "protocol": "tcp",
                "security_groups": [],
                "self": false,
                "to_port": 3000
              },
              {
                "cidr_blocks": [
                  "0.0.0.0/0"
                ],
                "description": "HTTP access",
                "from_port": 80,
                "ipv6_cidr_blocks": [],
                "prefix_list_ids": [],
                "protocol": "tcp",
                "security_groups": [],
                "self": false,
                "to_port": 80
              },
              {
                "cidr_blocks": [
                  "0.0.0.0/0"
                ],
                "description": "HTTPS access",
                "from_port": 443,
                "ipv6_cidr_blocks": [],
                "prefix_list_ids": [],
                "protocol": "tcp",
                "security_groups": [],
                "self": false,
                "to_port": 443
              },
              {
                "cidr_blocks": [
                  "0.0.0.0/0"
                ],
                "description": "SSH access",
                "from_port": 22,
                "ipv6_cidr_blocks": [],
                "prefix_list_ids": [],
                "protocol": "tcp",
                "security_groups": [],
                "self": false,
                "to_port": 22
              }
            ],
            "name": "rumba-sg-20250909092935626500000001",
            "name_prefix": "rumba-sg-",
            "owner_id": "206218410076",
            "revoke_rules_on_delete": false,
            "tags": {
              "Name": "rumba-security-group"
            },
            "tags_all": {
              "Name": "rumba-security-group"
            },
            "timeouts": null,
            "vpc_id": "vpc-0188a56d7329f55f2"
          },
          "sensitive_attributes": [],
          "private": "eyJlMmJmYjczMC1lY2FhLTExZTYtOGY4OC0zNDM2M2JjN2M0YzAiOnsiY3JlYXRlIjo2MDAwMDAwMDAwMDAsImRlbGV0ZSI6OTAwMDAwMDAwMDAwfSwic2NoZW1hX3ZlcnNpb24iOiIxIn0=",
          "dependencies": [
            "data.aws_vpc.default"
          ]
        }
      ]
    }
  ],
  "check_results": null
}
