{
  "version": 4,
  "terraform_version": "1.12.2",
  "serial": 7,
  "lineage": "a1828d86-3a11-0a34-c1b7-76db1e205b2c",
  "outputs": {
    "availability_zone": {
      "value": "us-east-1b",
      "type": "string"
    },
    "backend_url": {
      "value": "http://44.194.121.34:3005",
      "type": "string"
    },
    "frontend_url": {
      "value": "http://44.194.121.34:3000",
      "type": "string"
    },
    "instance_id": {
      "value": "i-0e78c82166c213c13",
      "type": "string"
    },
    "instance_type": {
      "value": "t3.micro",
      "type": "string"
    },
    "public_dns": {
      "value": "ec2-18-212-2-246.compute-1.amazonaws.com",
      "type": "string"
    },
    "public_ip": {
      "value": "44.194.121.34",
      "type": "string"
    },
    "security_group_id": {
      "value": "sg-05676703d0aa5670b",
      "type": "string"
    },
    "ssh_command": {
      "value": "ssh -i ~/.ssh/id_rsa ec2-user@44.194.121.34",
      "type": "string"
    }
  },
  "resources": [
    {
      "mode": "data",
      "type": "aws_ami",
      "name": "amazon_linux",
      "provider": "provider[\"registry.terraform.io/hashicorp/aws\"]",
      "instances": [
        {
          "schema_version": 0,
          "attributes": {
            "architecture": "x86_64",
            "arn": "arn:aws:ec2:us-east-1::image/ami-06883c95d78ea3e7a",
            "block_device_mappings": [
              {
                "device_name": "/dev/xvda",
                "ebs": {
                  "delete_on_termination": "true",
                  "encrypted": "false",
                  "iops": "3000",
                  "snapshot_id": "snap-0743827ec1b5c7715",
                  "throughput": "125",
                  "volume_initialization_rate": "0",
                  "volume_size": "30",
                  "volume_type": "gp3"
                },
                "no_device": "",
                "virtual_name": ""
              }
            ],
            "boot_mode": "uefi-preferred",
            "creation_date": "2025-08-28T23:04:16.000Z",
            "deprecation_time": "2027-08-28T23:04:16.000Z",
            "description": "Amazon Linux AMI 2023.0.20250828 x86_64 ECS HVM EBS",
            "ena_support": true,
            "executable_users": null,
            "filter": [
              {
                "name": "name",
                "values": [
                  "al2023-ami-*-x86_64"
                ]
              },
              {
                "name": "virtualization-type",
                "values": [
                  "hvm"
                ]
              }
            ],
            "hypervisor": "xen",
            "id": "ami-06883c95d78ea3e7a",
            "image_id": "ami-06883c95d78ea3e7a",
            "image_location": "amazon/al2023-ami-ecs-neuron-hvm-2023.0.20250828-kernel-6.1-x86_64",
            "image_owner_alias": "amazon",
            "image_type": "machine",
            "imds_support": "v2.0",
            "include_deprecated": false,
            "kernel_id": "",
            "last_launched_time": "",
            "most_recent": true,
            "name": "al2023-ami-ecs-neuron-hvm-2023.0.20250828-kernel-6.1-x86_64",
            "name_regex": null,
            "owner_id": "591542846629",
            "owners": [
              "amazon"
            ],
            "platform": "",
            "platform_details": "Linux/UNIX",
            "product_codes": [],
            "public": true,
            "ramdisk_id": "",
            "root_device_name": "/dev/xvda",
            "root_device_type": "ebs",
            "root_snapshot_id": "snap-0743827ec1b5c7715",
            "sriov_net_support": "simple",
            "state": "available",
            "state_reason": {
              "code": "UNSET",
              "message": "UNSET"
            },
            "tags": {},
            "timeouts": null,
            "tpm_support": "",
            "uefi_data": null,
            "usage_operation": "RunInstances",
            "virtualization_type": "hvm"
          },
          "sensitive_attributes": [],
          "identity_schema_version": 0
        }
      ]
    },
    {
      "mode": "data",
      "type": "aws_availability_zones",
      "name": "available",
      "provider": "provider[\"registry.terraform.io/hashicorp/aws\"]",
      "instances": [
        {
          "schema_version": 0,
          "attributes": {
            "all_availability_zones": null,
            "exclude_names": null,
            "exclude_zone_ids": null,
            "filter": [
              {
                "name": "opt-in-status",
                "values": [
                  "opt-in-not-required"
                ]
              }
            ],
            "group_names": [
              "us-east-1-zg-1"
            ],
            "id": "us-east-1",
            "names": [
              "us-east-1a",
              "us-east-1b",
              "us-east-1c",
              "us-east-1d",
              "us-east-1e",
              "us-east-1f"
            ],
            "state": "available",
            "timeouts": null,
            "zone_ids": [
              "use1-az1",
              "use1-az2",
              "use1-az4",
              "use1-az6",
              "use1-az3",
              "use1-az5"
            ]
          },
          "sensitive_attributes": [],
          "identity_schema_version": 0
        }
      ]
    },
    {
      "mode": "data",
      "type": "aws_subnets",
      "name": "default",
      "provider": "provider[\"registry.terraform.io/hashicorp/aws\"]",
      "instances": [
        {
          "schema_version": 0,
          "attributes": {
            "filter": [
              {
                "name": "availability-zone",
                "values": [
                  "us-east-1a",
                  "us-east-1b",
                  "us-east-1c",
                  "us-east-1d",
                  "us-east-1f"
                ]
              },
              {
                "name": "vpc-id",
                "values": [
                  "vpc-0188a56d7329f55f2"
                ]
              }
            ],
            "id": "us-east-1",
            "ids": [
              "subnet-0e6c1abc4c4b02390",
              "subnet-036d5e239e3ba61e0",
              "subnet-0ec30a6235e75d293",
              "subnet-02468cda28255f120",
              "subnet-028bb7b4d96f94798"
            ],
            "tags": null,
            "timeouts": null
          },
          "sensitive_attributes": [],
          "identity_schema_version": 0
        }
      ]
    },
    {
      "mode": "data",
      "type": "aws_vpc",
      "name": "default",
      "provider": "provider[\"registry.terraform.io/hashicorp/aws\"]",
      "instances": [
        {
          "schema_version": 0,
          "attributes": {
            "arn": "arn:aws:ec2:us-east-1:206218410076:vpc/vpc-0188a56d7329f55f2",
            "cidr_block": "172.31.0.0/16",
            "cidr_block_associations": [
              {
                "association_id": "vpc-cidr-assoc-060909b585aaa03d6",
                "cidr_block": "172.31.0.0/16",
                "state": "associated"
              }
            ],
            "default": true,
            "dhcp_options_id": "dopt-04f8fb015ac35f101",
            "enable_dns_hostnames": true,
            "enable_dns_support": true,
            "enable_network_address_usage_metrics": false,
            "filter": null,
            "id": "vpc-0188a56d7329f55f2",
            "instance_tenancy": "default",
            "ipv6_association_id": "",
            "ipv6_cidr_block": "",
            "main_route_table_id": "rtb-0c7a53a7b8bfc8087",
            "owner_id": "206218410076",
            "state": null,
            "tags": {},
            "timeouts": null
          },
          "sensitive_attributes": [],
          "identity_schema_version": 0
        }
      ]
    },
    {
      "mode": "managed",
      "type": "aws_eip",
      "name": "rumba_eip",
      "provider": "provider[\"registry.terraform.io/hashicorp/aws\"]",
      "instances": [
        {
          "schema_version": 0,
          "attributes": {
            "address": null,
            "allocation_id": "eipalloc-0c5549495b51656e2",
            "arn": "arn:aws:ec2:us-east-1:206218410076:elastic-ip/eipalloc-0c5549495b51656e2",
            "associate_with_private_ip": null,
            "association_id": "eipassoc-0dde1ee16b77b4643",
            "carrier_ip": "",
            "customer_owned_ip": "",
            "customer_owned_ipv4_pool": "",
            "domain": "vpc",
            "id": "eipalloc-0c5549495b51656e2",
            "instance": "i-0e78c82166c213c13",
            "ipam_pool_id": null,
            "network_border_group": "us-east-1",
            "network_interface": "eni-012f86a149c55a4b0",
            "private_dns": "ip-172-31-81-150.ec2.internal",
            "private_ip": "172.31.81.150",
            "ptr_record": "",
            "public_dns": "ec2-44-194-121-34.compute-1.amazonaws.com",
            "public_ip": "44.194.121.34",
            "public_ipv4_pool": "amazon",
            "tags": {
              "Name": "rumba-server-eip"
            },
            "tags_all": {
              "Name": "rumba-server-eip"
            },
            "timeouts": null,
            "vpc": true
          },
          "sensitive_attributes": [],
          "identity_schema_version": 0,
          "private": "eyJlMmJmYjczMC1lY2FhLTExZTYtOGY4OC0zNDM2M2JjN2M0YzAiOnsiZGVsZXRlIjoxODAwMDAwMDAwMDAsInJlYWQiOjkwMDAwMDAwMDAwMCwidXBkYXRlIjozMDAwMDAwMDAwMDB9fQ==",
          "dependencies": [
            "aws_instance.rumba_server",
            "aws_key_pair.rumba_key",
            "aws_security_group.rumba_sg",
            "data.aws_ami.amazon_linux",
            "data.aws_subnets.default",
            "data.aws_vpc.default"
          ]
        }
      ]
    },
    {
      "mode": "managed",
      "type": "aws_instance",
      "name": "rumba_server",
      "provider": "provider[\"registry.terraform.io/hashicorp/aws\"]",
      "instances": [
        {
          "schema_version": 1,
          "attributes": {
            "ami": "ami-06883c95d78ea3e7a",
            "arn": "arn:aws:ec2:us-east-1:206218410076:instance/i-0e78c82166c213c13",
            "associate_public_ip_address": true,
            "availability_zone": "us-east-1b",
            "capacity_reservation_specification": [
              {
                "capacity_reservation_preference": "open",
                "capacity_reservation_target": []
              }
            ],
            "cpu_core_count": 1,
            "cpu_options": [
              {
                "amd_sev_snp": "",
                "core_count": 1,
                "threads_per_core": 2
              }
            ],
            "cpu_threads_per_core": 2,
            "credit_specification": [
              {
                "cpu_credits": "unlimited"
              }
            ],
            "disable_api_stop": false,
            "disable_api_termination": false,
            "ebs_block_device": [],
            "ebs_optimized": false,
            "enable_primary_ipv6": null,
            "enclave_options": [
              {
                "enabled": false
              }
            ],
            "ephemeral_block_device": [],
            "get_password_data": false,
            "hibernation": false,
            "host_id": "",
            "host_resource_group_arn": null,
            "iam_instance_profile": "",
            "id": "i-0e78c82166c213c13",
            "instance_initiated_shutdown_behavior": "stop",
            "instance_lifecycle": "",
            "instance_market_options": [],
            "instance_state": "running",
            "instance_type": "t3.micro",
            "ipv6_address_count": 0,
            "ipv6_addresses": [],
            "key_name": "rumba-key",
            "launch_template": [],
            "maintenance_options": [
              {
                "auto_recovery": "default"
              }
            ],
            "metadata_options": [
              {
                "http_endpoint": "enabled",
                "http_protocol_ipv6": "disabled",
                "http_put_response_hop_limit": 2,
                "http_tokens": "required",
                "instance_metadata_tags": "disabled"
              }
            ],
            "monitoring": false,
            "network_interface": [],
            "outpost_arn": "",
            "password_data": "",
            "placement_group": "",
            "placement_partition_number": 0,
            "primary_network_interface_id": "eni-012f86a149c55a4b0",
            "private_dns": "ip-172-31-81-150.ec2.internal",
            "private_dns_name_options": [
              {
                "enable_resource_name_dns_a_record": false,
                "enable_resource_name_dns_aaaa_record": false,
                "hostname_type": "ip-name"
              }
            ],
            "private_ip": "172.31.81.150",
            "public_dns": "ec2-18-212-2-246.compute-1.amazonaws.com",
            "public_ip": "18.212.2.246",
            "root_block_device": [
              {
                "delete_on_termination": true,
                "device_name": "/dev/xvda",
                "encrypted": true,
                "iops": 3000,
                "kms_key_id": "arn:aws:kms:us-east-1:206218410076:key/1a77dfb3-4178-44fa-ae8e-a0086d2185f6",
                "tags": null,
                "tags_all": {},
                "throughput": 125,
                "volume_id": "vol-0f2adf70b9d1afeb5",
                "volume_size": 30,
                "volume_type": "gp3"
              }
            ],
            "secondary_private_ips": [],
            "security_groups": [
              "rumba-sg-20250909092935626500000001"
            ],
            "source_dest_check": true,
            "spot_instance_request_id": "",
            "subnet_id": "subnet-0e6c1abc4c4b02390",
            "tags": {
              "Environment": "production",
              "Name": "rumba-server",
              "Project": "rumba"
            },
            "tags_all": {
              "Environment": "production",
              "Name": "rumba-server",
              "Project": "rumba"
            },
            "tenancy": "default",
            "timeouts": null,
            "user_data": "c288d44d423a4c032e40adb242c98a8c3681195e",
            "user_data_base64": null,
            "user_data_replace_on_change": false,
            "volume_tags": {
              "Name": "rumba-server-root"
            },
            "vpc_security_group_ids": [
              "sg-05676703d0aa5670b"
            ]
          },
          "sensitive_attributes": [],
          "identity_schema_version": 0,
          "private": "eyJlMmJmYjczMC1lY2FhLTExZTYtOGY4OC0zNDM2M2JjN2M0YzAiOnsiY3JlYXRlIjo2MDAwMDAwMDAwMDAsImRlbGV0ZSI6MTIwMDAwMDAwMDAwMCwicmVhZCI6OTAwMDAwMDAwMDAwLCJ1cGRhdGUiOjYwMDAwMDAwMDAwMH0sInNjaGVtYV92ZXJzaW9uIjoiMSJ9",
          "dependencies": [
            "aws_key_pair.rumba_key",
            "aws_security_group.rumba_sg",
            "data.aws_ami.amazon_linux",
            "data.aws_subnets.default",
            "data.aws_vpc.default"
          ]
        }
      ]
    },
    {
      "mode": "managed",
      "type": "aws_key_pair",
      "name": "rumba_key",
      "provider": "provider[\"registry.terraform.io/hashicorp/aws\"]",
      "instances": [
        {
          "schema_version": 1,
          "attributes": {
            "arn": "arn:aws:ec2:us-east-1:206218410076:key-pair/rumba-key",
            "fingerprint": "49:f3:da:97:46:da:63:2c:76:d7:c8:8f:59:5d:50:15",
            "id": "rumba-key",
            "key_name": "rumba-key",
            "key_name_prefix": "",
            "key_pair_id": "key-06cff4b8e4b2ddff3",
            "key_type": "rsa",
            "public_key": "ssh-rsa AAAAB3NzaC1yc2EAAAADAQABAAACAQDCumEktae/ERrvy6MH3R2l0gAgufsj/YkR5DM8ekQrsjLVi8g5U+QFD89NKwwxU9crLhz2ktdkw0wnuyONHbiwQkvJ8zCqRTFf6xGeQz7r3S+Ox/WQnDGDcM8sRQh0yFR9s82tOU1f5xBCUPLfHl8ibOsj/ZY6zqq5FizCN66ijJdtaZYobQXMHiuD1aTSplLkueS4VsMswJZy6bA9DmRSL6KW4vAmffve16ry/XOfNigFBcIiduk5pLJX+lS/KAtZ1CXPjREEk+qf4R4f2wWi5HpBKG6beTPWS0nQXrwaoMh69JM9LMEcAkJEfpZkB783QNvsskY//kQ7G9ys9m2uGGI0ZFeVawT2JNVIt574tCUOE0yZjern1r+lhrH1FYhzid4OcgdTXBMlm92hGCqkNheTD7VbYOpoN8oXgKs3mfcwjaVDDiqyGNADQrJluRCmzJ4CDwXkT/s1dszCfZMHt2MekVhRxCqjDV4PJYFDnLMRj3izPTJjhVZJvFpvr67SX52wkXAEKTyCfoJhf2WTgNVd/9T9/wJMsjrCytNTsUoMDeHly1Rfm8G7Rya/Ht71gg0DLJjXeJ5kY8h1Z0G3zlQyE+0EhAlyaI8eUIfuXp+DxrOT4Xj6Ck6duUoJWWK5ef9wKoWdEbdFf64fOF5X8Ob29HNOvg3oRuTmBIDTqQ== phan.ngoc@sun-asterisk.com@B120847-LT",
            "tags": {
              "Name": "rumba-key-pair"
            },
            "tags_all": {
              "Name": "rumba-key-pair"
            }
          },
          "sensitive_attributes": [],
          "identity_schema_version": 0,
          "private": "eyJzY2hlbWFfdmVyc2lvbiI6IjEifQ=="
        }
      ]
    },
    {
      "mode": "managed",
      "type": "aws_security_group",
      "name": "rumba_sg",
      "provider": "provider[\"registry.terraform.io/hashicorp/aws\"]",
      "instances": [
        {
          "schema_version": 1,
          "attributes": {
            "arn": "arn:aws:ec2:us-east-1:206218410076:security-group/sg-05676703d0aa5670b",
            "description": "Security group for Rumba application",
            "egress": [
              {
                "cidr_blocks": [
                  "0.0.0.0/0"
                ],
                "description": "All outbound traffic",
                "from_port": 0,
                "ipv6_cidr_blocks": [],
                "prefix_list_ids": [],
                "protocol": "-1",
                "security_groups": [],
                "self": false,
                "to_port": 0
              }
            ],
            "id": "sg-05676703d0aa5670b",
            "ingress": [
              {
                "cidr_blocks": [
                  "0.0.0.0/0"
                ],
                "description": "Backend API access",
                "from_port": 3005,
                "ipv6_cidr_blocks": [],
                "prefix_list_ids": [],
                "protocol": "tcp",
                "security_groups": [],
                "self": false,
                "to_port": 3005
              },
              {
                "cidr_blocks": [
                  "0.0.0.0/0"
                ],
                "description": "Frontend access",
                "from_port": 3000,
                "ipv6_cidr_blocks": [],
                "prefix_list_ids": [],
                "protocol": "tcp",
                "security_groups": [],
                "self": false,
                "to_port": 3000
              },
              {
                "cidr_blocks": [
                  "0.0.0.0/0"
                ],
                "description": "HTTP access",
                "from_port": 80,
                "ipv6_cidr_blocks": [],
                "prefix_list_ids": [],
                "protocol": "tcp",
                "security_groups": [],
                "self": false,
                "to_port": 80
              },
              {
                "cidr_blocks": [
                  "0.0.0.0/0"
                ],
                "description": "HTTPS access",
                "from_port": 443,
                "ipv6_cidr_blocks": [],
                "prefix_list_ids": [],
                "protocol": "tcp",
                "security_groups": [],
                "self": false,
                "to_port": 443
              },
              {
                "cidr_blocks": [
                  "0.0.0.0/0"
                ],
                "description": "SSH access",
                "from_port": 22,
                "ipv6_cidr_blocks": [],
                "prefix_list_ids": [],
                "protocol": "tcp",
                "security_groups": [],
                "self": false,
                "to_port": 22
              }
            ],
            "name": "rumba-sg-20250909092935626500000001",
            "name_prefix": "rumba-sg-",
            "owner_id": "206218410076",
            "revoke_rules_on_delete": false,
            "tags": {
              "Name": "rumba-security-group"
            },
            "tags_all": {
              "Name": "rumba-security-group"
            },
            "timeouts": null,
            "vpc_id": "vpc-0188a56d7329f55f2"
          },
          "sensitive_attributes": [],
          "identity_schema_version": 0,
          "private": "eyJlMmJmYjczMC1lY2FhLTExZTYtOGY4OC0zNDM2M2JjN2M0YzAiOnsiY3JlYXRlIjo2MDAwMDAwMDAwMDAsImRlbGV0ZSI6OTAwMDAwMDAwMDAwfSwic2NoZW1hX3ZlcnNpb24iOiIxIn0=",
          "dependencies": [
            "data.aws_vpc.default"
          ]
        }
      ]
    }
  ],
  "check_results": null
}
